schema: '2.0'
stages:
  data_split:
    cmd: python src/data_split.py
    deps:
    - path: data/all_data/
      hash: md5
      md5: 15f848fc495bd9d650462e65288f286c.dir
      size: 157899315
      nfiles: 317
    - path: src/data_split.py
      hash: md5
      md5: 8d802fe12f83502b7c7c0c012e469f4f
      size: 3465
    params:
      params.yaml:
        base:
          random_seed: 0
          model_image_size: 256
          loss_function: iou_loss
          norm_upper_bound: 7
          norm_lower_bound: -1
          apply_hessian: true
          hessian_component: maxima
          hessian_sigma: 4
        data_split:
          test_split: 0.2
          data_dir: data/all_data/
          train_data_dir: data/train/
          test_data_dir: data/test/
    outs:
    - path: data/test
      hash: md5
      md5: e8766d24ccc24dcc2c3d7c2411524b01.dir
      size: 28969711
      nfiles: 64
    - path: data/train
      hash: md5
      md5: b863265b49281c883ce49f3d3365369a.dir
      size: 128923456
      nfiles: 252
  train:
    cmd: python src/train.py
    deps:
    - path: data/train/
      hash: md5
      md5: b863265b49281c883ce49f3d3365369a.dir
      size: 128923456
      nfiles: 252
    - path: src/train.py
      hash: md5
      md5: 639fb28cd46ad1738802346131f57857
      size: 8871
    - path: src/unet.py
      hash: md5
      md5: e31093c417c1a2bf150ce9b9127cd3fd
      size: 8582
    params:
      params.yaml:
        base:
          random_seed: 0
          model_image_size: 256
          loss_function: iou_loss
          norm_upper_bound: 7
          norm_lower_bound: -1
          apply_hessian: true
          hessian_component: maxima
          hessian_sigma: 4
        train:
          train_data_dir: data/train/
          model_save_dir: models/
          batch_size: 5
          epochs: 6
          activation_function: relu
          learning_rate: 0.0001
          validation_split: 0.2
    outs:
    - path: models/catsnet_model.keras
      hash: md5
      md5: 7a0285d7f39b442a88990375d1170cbe
      size: 23460493
    - path: results/train/
      hash: md5
      md5: 2ac3d605ea9c722f841a5db477f07ab2.dir
      size: 765
      nfiles: 5
  evaluate:
    cmd: python src/evaluate.py
    deps:
    - path: data/test/
      hash: md5
      md5: e8766d24ccc24dcc2c3d7c2411524b01.dir
      size: 28969711
      nfiles: 64
    - path: models/catsnet_model.keras
      hash: md5
      md5: 7a0285d7f39b442a88990375d1170cbe
      size: 23460493
    - path: src/evaluate.py
      hash: md5
      md5: 716e6c08133a78d20961c396c147e715
      size: 6949
    - path: src/unet.py
      hash: md5
      md5: e31093c417c1a2bf150ce9b9127cd3fd
      size: 8582
    params:
      params.yaml:
        base:
          random_seed: 0
          model_image_size: 256
          loss_function: iou_loss
          norm_upper_bound: 7
          norm_lower_bound: -1
          apply_hessian: true
          hessian_component: maxima
          hessian_sigma: 4
        evaluate:
          model_path: models/catsnet_model.keras
          test_data_dir: data/test/
    outs:
    - path: results/evaluate/
      hash: md5
      md5: 6666097856c227559922199e651cc1f1.dir
      size: 2557760
      nfiles: 17
