schema: '2.0'
stages:
  data_split:
    cmd: python src/data_split.py
    deps:
    - path: data/all_data/
      hash: md5
      md5: 15f848fc495bd9d650462e65288f286c.dir
      size: 157899315
      nfiles: 317
    - path: src/data_split.py
      hash: md5
      md5: 6084f741ea42b8655dd9f16ecc3491a3
      size: 3610
    params:
      params.yaml:
        base:
          random_seed: 0
          model_image_size: 256
          loss_function: keras_dice
          metrics:
          - keras_iou
          norm_upper_bound: 7
          norm_lower_bound: -1
          filter_channels:
          - original
          - hessian
          hessian_component: minima
          hessian_sigma: 4
        data_split:
          test_split: 0.2
          data_dir: data/all_data/
          train_data_dir: data/train/
          test_data_dir: data/test/
    outs:
    - path: data/test
      hash: md5
      md5: e8766d24ccc24dcc2c3d7c2411524b01.dir
      size: 28969711
      nfiles: 64
    - path: data/train
      hash: md5
      md5: b863265b49281c883ce49f3d3365369a.dir
      size: 128923456
      nfiles: 252
  train:
    cmd: python src/train.py
    deps:
    - path: data/train/
      hash: md5
      md5: b863265b49281c883ce49f3d3365369a.dir
      size: 128923456
      nfiles: 252
    - path: src/train.py
      hash: md5
      md5: 331d7ce5dfde45c305db4674d5c6b9ee
      size: 9404
    - path: src/unet.py
      hash: md5
      md5: e58e56f140011f2ca293e5bb3013ebe1
      size: 11421
    params:
      params.yaml:
        base:
          random_seed: 0
          model_image_size: 256
          loss_function: keras_dice
          metrics:
          - keras_iou
          norm_upper_bound: 7
          norm_lower_bound: -1
          filter_channels:
          - original
          - hessian
          hessian_component: minima
          hessian_sigma: 4
        train:
          train_data_dir: data/train/
          model_save_dir: models/
          batch_size: 5
          epochs: 5
          activation_function: relu
          learning_rate: 0.0001
          validation_split: 0.2
    outs:
    - path: models/catsnet_model.keras
      hash: md5
      md5: 95549014475a0c55e15c501258cda183
      size: 23462508
    - path: results/train/
      hash: md5
      md5: e14ebceb4bc51511949b3b43f030a8c7.dir
      size: 666
      nfiles: 5
  evaluate:
    cmd: python src/evaluate.py
    deps:
    - path: data/test/
      hash: md5
      md5: e8766d24ccc24dcc2c3d7c2411524b01.dir
      size: 28969711
      nfiles: 64
    - path: models/catsnet_model.keras
      hash: md5
      md5: 95549014475a0c55e15c501258cda183
      size: 23462508
    - path: src/evaluate.py
      hash: md5
      md5: 534aad0a6f793f1a4af1b8dba1667a80
      size: 7874
    - path: src/unet.py
      hash: md5
      md5: e58e56f140011f2ca293e5bb3013ebe1
      size: 11421
    params:
      params.yaml:
        base:
          random_seed: 0
          model_image_size: 256
          loss_function: keras_dice
          metrics:
          - keras_iou
          norm_upper_bound: 7
          norm_lower_bound: -1
          filter_channels:
          - original
          - hessian
          hessian_component: minima
          hessian_sigma: 4
        evaluate:
          model_path: models/catsnet_model.keras
          test_data_dir: data/test/
    outs:
    - path: results/evaluate/
      hash: md5
      md5: c153b2e6a636094af7205b851e569b6f.dir
      size: 2406082
      nfiles: 17
