schema: '2.0'
stages:
  data_split:
    cmd: python src/data_split.py
    deps:
    - path: data/all_data/
      hash: md5
      md5: 15f848fc495bd9d650462e65288f286c.dir
      size: 157899315
      nfiles: 317
    - path: src/data_split.py
      hash: md5
      md5: 6084f741ea42b8655dd9f16ecc3491a3
      size: 3610
    params:
      params.yaml:
        base:
          random_seed: 0
          model_image_size: 256
          loss_function: iou_loss
          norm_upper_bound: 7
          norm_lower_bound: -1
          filter_channels:
          - original
          hessian_component: minima
          hessian_sigma: 4
        data_split:
          test_split: 0.2
          data_dir: data/all_data/
          train_data_dir: data/train/
          test_data_dir: data/test/
    outs:
    - path: data/test
      hash: md5
      md5: e8766d24ccc24dcc2c3d7c2411524b01.dir
      size: 28969711
      nfiles: 64
    - path: data/train
      hash: md5
      md5: b863265b49281c883ce49f3d3365369a.dir
      size: 128923456
      nfiles: 252
  train:
    cmd: python src/train.py
    deps:
    - path: data/train/
      hash: md5
      md5: b863265b49281c883ce49f3d3365369a.dir
      size: 128923456
      nfiles: 252
    - path: src/train.py
      hash: md5
      md5: 637c78565763535dd1fc7016e6c20eb0
      size: 9102
    - path: src/unet.py
      hash: md5
      md5: 61803ae98395201945088de33d223d1c
      size: 8608
    params:
      params.yaml:
        base:
          random_seed: 0
          model_image_size: 256
          loss_function: iou_loss
          norm_upper_bound: 7
          norm_lower_bound: -1
          filter_channels:
          - original
          hessian_component: minima
          hessian_sigma: 4
        train:
          train_data_dir: data/train/
          model_save_dir: models/
          batch_size: 5
          epochs: 50
          activation_function: relu
          learning_rate: 0.0001
          validation_split: 0.2
    outs:
    - path: models/catsnet_model.keras
      hash: md5
      md5: d6a7e74d94f58f2fcd8a0b92d8899082
      size: 23460493
    - path: results/train/
      hash: md5
      md5: 4131be9179c0e0eabd945f3cb4994950.dir
      size: 4634
      nfiles: 5
  evaluate:
    cmd: python src/evaluate.py
    deps:
    - path: data/test/
      hash: md5
      md5: e8766d24ccc24dcc2c3d7c2411524b01.dir
      size: 28969711
      nfiles: 64
    - path: models/catsnet_model.keras
      hash: md5
      md5: d6a7e74d94f58f2fcd8a0b92d8899082
      size: 23460493
    - path: src/evaluate.py
      hash: md5
      md5: b233436eeb20b8976614b3324711cd54
      size: 7404
    - path: src/unet.py
      hash: md5
      md5: 61803ae98395201945088de33d223d1c
      size: 8608
    params:
      params.yaml:
        base:
          random_seed: 0
          model_image_size: 256
          loss_function: iou_loss
          norm_upper_bound: 7
          norm_lower_bound: -1
          filter_channels:
          - original
          hessian_component: minima
          hessian_sigma: 4
        evaluate:
          model_path: models/catsnet_model.keras
          test_data_dir: data/test/
    outs:
    - path: results/evaluate/
      hash: md5
      md5: 218ad3599ceceefdebba8a63fda3069a.dir
      size: 2712734
      nfiles: 17
